
Microsoft Visual Studio Solution File, Format Version 12.00
# Visual Studio Version 17
VisualStudioVersion = 17.6.33829.357
MinimumVisualStudioVersion = 10.0.40219.1
Project("{FAE04EC0-301F-11D3-BF4B-00C04F79EFBC}") = "WebApiCRUD1_Users", "WebApiCRUD1_Users\WebApiCRUD1_Users.csproj", "{53DE0E87-9764-4CD1-A9E8-B26A66E2AAA3}"
EndProject
Global
	GlobalSection(SolutionConfigurationPlatforms) = preSolution
		Debug|Any CPU = Debug|Any CPU
		Release|Any CPU = Release|Any CPU
	EndGlobalSection
	GlobalSection(ProjectConfigurationPlatforms) = postSolution
		{53DE0E87-9764-4CD1-A9E8-B26A66E2AAA3}.Debug|Any CPU.ActiveCfg = Debug|Any CPU
		{53DE0E87-9764-4CD1-A9E8-B26A66E2AAA3}.Debug|Any CPU.Build.0 = Debug|Any CPU
		{53DE0E87-9764-4CD1-A9E8-B26A66E2AAA3}.Release|Any CPU.ActiveCfg = Release|Any CPU
		{53DE0E87-9764-4CD1-A9E8-B26A66E2AAA3}.Release|Any CPU.Build.0 = Release|Any CPU
	EndGlobalSection
	GlobalSection(SolutionProperties) = preSolution
		HideSolutionNode = FALSE
	EndGlobalSection
	GlobalSection(ExtensibilityGlobals) = postSolution
		SolutionGuid = {56DD82AF-BF0C-4DAC-802E-27C42A1D5A7A}
	EndGlobalSection
EndGlobal
